
Microsoft Visual Studio Solution File, Format Version 12.00
# Visual Studio Version 16
VisualStudioVersion = 16.0.31321.278
MinimumVisualStudioVersion = 10.0.40219.1
Project("{FAE04EC0-301F-11D3-BF4B-00C04F79EFBC}") = "Test4", "Test4\Test4.csproj", "{366591EA-B1A1-4137-BF0B-3928A103BA8B}"
EndProject
Global
	GlobalSection(SolutionConfigurationPlatforms) = preSolution
		Debug|Any CPU = Debug|Any CPU
		Release|Any CPU = Release|Any CPU
	EndGlobalSection
	GlobalSection(ProjectConfigurationPlatforms) = postSolution
		{366591EA-B1A1-4137-BF0B-3928A103BA8B}.Debug|Any CPU.ActiveCfg = Debug|Any CPU
		{366591EA-B1A1-4137-BF0B-3928A103BA8B}.Debug|Any CPU.Build.0 = Debug|Any CPU
		{366591EA-B1A1-4137-BF0B-3928A103BA8B}.Release|Any CPU.ActiveCfg = Release|Any CPU
		{366591EA-B1A1-4137-BF0B-3928A103BA8B}.Release|Any CPU.Build.0 = Release|Any CPU
	EndGlobalSection
	GlobalSection(SolutionProperties) = preSolution
		HideSolutionNode = FALSE
	EndGlobalSection
	GlobalSection(ExtensibilityGlobals) = postSolution
		SolutionGuid = {73499D17-D910-4857-A24E-54DBE2772BEA}
	EndGlobalSection
EndGlobal
